https://github.com/korlibs/korge-virtualcontroller.git/korge-virtualcontroller#0.0.4 ::: 2e465059da35e9fb813ae87f40e6a11f68152cf7:f9fbfbfaf108fc0afe03fff9f4f3fb070b05f0f201f7f4f50c07fa0c07fcf7fb
https://github.com/korlibs/korge-virtualcontroller.git/korge-virtualcontroller#v1.0.2 ::: df0e840b8171bb3f5b8f7a86b77fbe39e725be16:0b02fb06f0000002f5f6f2f002fd00fff4f4f90a040307f207f8ff06fff5fef5
